// !$*UTF8*$!
{
	archiveVersion = 1;
	classes = {
	};
	objectVersion = 46;
	objects = {

/* Begin PBXBuildFile section */
		5545FD64175E9F9000AC003B /* LICENSE.txt in Resources */ = {isa = PBXBuildFile; fileRef = 5545FD63175E9F9000AC003B /* LICENSE.txt */; };
		5588EEDA175BDF8B00196831 /* Cocoa.framework in Frameworks */ = {isa = PBXBuildFile; fileRef = 5588EED9175BDF8B00196831 /* Cocoa.framework */; };
		5588EEE4175BDF8B00196831 /* InfoPlist.strings in Resources */ = {isa = PBXBuildFile; fileRef = 5588EEE2175BDF8B00196831 /* InfoPlist.strings */; };
		5588EEF0175BDF8B00196831 /* SenTestingKit.framework in Frameworks */ = {isa = PBXBuildFile; fileRef = 5588EEEF175BDF8B00196831 /* SenTestingKit.framework */; };
		5588EEF1175BDF8B00196831 /* Cocoa.framework in Frameworks */ = {isa = PBXBuildFile; fileRef = 5588EED9175BDF8B00196831 /* Cocoa.framework */; };
		5588EEF4175BDF8B00196831 /* ConcurrentCollectionOperations.framework in Frameworks */ = {isa = PBXBuildFile; fileRef = 5588EED6175BDF8B00196831 /* ConcurrentCollectionOperations.framework */; };
		5588EEFA175BDF8B00196831 /* InfoPlist.strings in Resources */ = {isa = PBXBuildFile; fileRef = 5588EEF8175BDF8B00196831 /* InfoPlist.strings */; };
		5588EEFD175BDF8B00196831 /* ConcurrentCollectionOperationsTests.m in Sources */ = {isa = PBXBuildFile; fileRef = 5588EEFC175BDF8B00196831 /* ConcurrentCollectionOperationsTests.m */; };
		5588EF08175BE14500196831 /* NSArray+ConcurrentCollectionOperations.h in Headers */ = {isa = PBXBuildFile; fileRef = 5588EF06175BE14500196831 /* NSArray+ConcurrentCollectionOperations.h */; settings = {ATTRIBUTES = (Public, ); }; };
		5588EF09175BE14500196831 /* NSArray+ConcurrentCollectionOperations.m in Sources */ = {isa = PBXBuildFile; fileRef = 5588EF07175BE14500196831 /* NSArray+ConcurrentCollectionOperations.m */; };
		5588EF0A175BE14500196831 /* NSArray+ConcurrentCollectionOperations.m in Sources */ = {isa = PBXBuildFile; fileRef = 5588EF07175BE14500196831 /* NSArray+ConcurrentCollectionOperations.m */; };
		5588EF12175BED7F00196831 /* NSDictionary+ConcurrentCollectionOperations.h in Headers */ = {isa = PBXBuildFile; fileRef = 5588EF10175BED7F00196831 /* NSDictionary+ConcurrentCollectionOperations.h */; settings = {ATTRIBUTES = (Public, ); }; };
		5588EF13175BED7F00196831 /* NSDictionary+ConcurrentCollectionOperations.m in Sources */ = {isa = PBXBuildFile; fileRef = 5588EF11175BED7F00196831 /* NSDictionary+ConcurrentCollectionOperations.m */; };
		5588EF14175BED7F00196831 /* NSDictionary+ConcurrentCollectionOperations.m in Sources */ = {isa = PBXBuildFile; fileRef = 5588EF11175BED7F00196831 /* NSDictionary+ConcurrentCollectionOperations.m */; };
		5588EF17175C3F6700196831 /* NSSet+ConcurrentCollectionOperations.h in Headers */ = {isa = PBXBuildFile; fileRef = 5588EF15175C3F6700196831 /* NSSet+ConcurrentCollectionOperations.h */; settings = {ATTRIBUTES = (Public, ); }; };
		5588EF18175C3F6700196831 /* NSSet+ConcurrentCollectionOperations.m in Sources */ = {isa = PBXBuildFile; fileRef = 5588EF16175C3F6700196831 /* NSSet+ConcurrentCollectionOperations.m */; };
		5588EF19175C3F6700196831 /* NSSet+ConcurrentCollectionOperations.m in Sources */ = {isa = PBXBuildFile; fileRef = 5588EF16175C3F6700196831 /* NSSet+ConcurrentCollectionOperations.m */; };
		5588EF1A175C48E700196831 /* ConcurrentCollectionOperations.h in Headers */ = {isa = PBXBuildFile; fileRef = 5588EEE6175BDF8B00196831 /* ConcurrentCollectionOperations.h */; settings = {ATTRIBUTES = (Public, ); }; };
		5588EF1C175C493B00196831 /* BlockTypedefs.h in Headers */ = {isa = PBXBuildFile; fileRef = 5588EF1B175C493A00196831 /* BlockTypedefs.h */; };
		5588EF26175C4E4000196831 /* Foundation.framework in Frameworks */ = {isa = PBXBuildFile; fileRef = 5588EF25175C4E4000196831 /* Foundation.framework */; };
		5588EF34175C4E4000196831 /* SenTestingKit.framework in Frameworks */ = {isa = PBXBuildFile; fileRef = 5588EEEF175BDF8B00196831 /* SenTestingKit.framework */; };
		5588EF36175C4E4000196831 /* UIKit.framework in Frameworks */ = {isa = PBXBuildFile; fileRef = 5588EF35175C4E4000196831 /* UIKit.framework */; };
		5588EF37175C4E4000196831 /* Foundation.framework in Frameworks */ = {isa = PBXBuildFile; fileRef = 5588EF25175C4E4000196831 /* Foundation.framework */; };
		5588EF3A175C4E4000196831 /* libConcurrentCollectionOperations-iOS.a in Frameworks */ = {isa = PBXBuildFile; fileRef = 5588EF24175C4E4000196831 /* libConcurrentCollectionOperations-iOS.a */; };
		5588EF4A175C4EE900196831 /* NSArray+ConcurrentCollectionOperations.m in Sources */ = {isa = PBXBuildFile; fileRef = 5588EF07175BE14500196831 /* NSArray+ConcurrentCollectionOperations.m */; };
		5588EF4B175C4EEA00196831 /* NSArray+ConcurrentCollectionOperations.m in Sources */ = {isa = PBXBuildFile; fileRef = 5588EF07175BE14500196831 /* NSArray+ConcurrentCollectionOperations.m */; };
		5588EF4C175C4EED00196831 /* NSDictionary+ConcurrentCollectionOperations.m in Sources */ = {isa = PBXBuildFile; fileRef = 5588EF11175BED7F00196831 /* NSDictionary+ConcurrentCollectionOperations.m */; };
		5588EF4D175C4EEE00196831 /* NSDictionary+ConcurrentCollectionOperations.m in Sources */ = {isa = PBXBuildFile; fileRef = 5588EF11175BED7F00196831 /* NSDictionary+ConcurrentCollectionOperations.m */; };
		5588EF4E175C4EF100196831 /* NSSet+ConcurrentCollectionOperations.m in Sources */ = {isa = PBXBuildFile; fileRef = 5588EF16175C3F6700196831 /* NSSet+ConcurrentCollectionOperations.m */; };
		5588EF4F175C4EF200196831 /* NSSet+ConcurrentCollectionOperations.m in Sources */ = {isa = PBXBuildFile; fileRef = 5588EF16175C3F6700196831 /* NSSet+ConcurrentCollectionOperations.m */; };
		5588EF50175C4EF600196831 /* ConcurrentCollectionOperationsTests.m in Sources */ = {isa = PBXBuildFile; fileRef = 5588EEFC175BDF8B00196831 /* ConcurrentCollectionOperationsTests.m */; };
/* End PBXBuildFile section */

/* Begin PBXContainerItemProxy section */
		5588EEF2175BDF8B00196831 /* PBXContainerItemProxy */ = {
			isa = PBXContainerItemProxy;
			containerPortal = 5588EECD175BDF8B00196831 /* Project object */;
			proxyType = 1;
			remoteGlobalIDString = 5588EED5175BDF8B00196831;
			remoteInfo = ConcurrentCollectionOperations;
		};
		5588EF38175C4E4000196831 /* PBXContainerItemProxy */ = {
			isa = PBXContainerItemProxy;
			containerPortal = 5588EECD175BDF8B00196831 /* Project object */;
			proxyType = 1;
			remoteGlobalIDString = 5588EF23175C4E4000196831;
			remoteInfo = "ConcurrentCollectionOperations-iOS";
		};
/* End PBXContainerItemProxy section */

/* Begin PBXCopyFilesBuildPhase section */
		5588EF22175C4E4000196831 /* CopyFiles */ = {
			isa = PBXCopyFilesBuildPhase;
			buildActionMask = 2147483647;
			dstPath = "include/${PRODUCT_NAME}";
			dstSubfolderSpec = 16;
			files = (
			);
			runOnlyForDeploymentPostprocessing = 0;
		};
/* End PBXCopyFilesBuildPhase section */

/* Begin PBXFileReference section */
		5545FD63175E9F9000AC003B /* LICENSE.txt */ = {isa = PBXFileReference; fileEncoding = 4; lastKnownFileType = text; path = LICENSE.txt; sourceTree = "<group>"; };
		5545FD65175EA22800AC003B /* ConcurrentCollectionOperations.podspec */ = {isa = PBXFileReference; explicitFileType = text.script.ruby; path = ConcurrentCollectionOperations.podspec; sourceTree = "<group>"; };
		5588EED6175BDF8B00196831 /* ConcurrentCollectionOperations.framework */ = {isa = PBXFileReference; explicitFileType = wrapper.framework; includeInIndex = 0; path = ConcurrentCollectionOperations.framework; sourceTree = BUILT_PRODUCTS_DIR; };
		5588EED9175BDF8B00196831 /* Cocoa.framework */ = {isa = PBXFileReference; lastKnownFileType = wrapper.framework; name = Cocoa.framework; path = System/Library/Frameworks/Cocoa.framework; sourceTree = SDKROOT; };
		5588EEDC175BDF8B00196831 /* AppKit.framework */ = {isa = PBXFileReference; lastKnownFileType = wrapper.framework; name = AppKit.framework; path = System/Library/Frameworks/AppKit.framework; sourceTree = SDKROOT; };
		5588EEDD175BDF8B00196831 /* CoreData.framework */ = {isa = PBXFileReference; lastKnownFileType = wrapper.framework; name = CoreData.framework; path = System/Library/Frameworks/CoreData.framework; sourceTree = SDKROOT; };
		5588EEDE175BDF8B00196831 /* Foundation.framework */ = {isa = PBXFileReference; lastKnownFileType = wrapper.framework; name = Foundation.framework; path = System/Library/Frameworks/Foundation.framework; sourceTree = SDKROOT; };
		5588EEE1175BDF8B00196831 /* ConcurrentCollectionOperations-Info.plist */ = {isa = PBXFileReference; lastKnownFileType = text.plist.xml; path = "ConcurrentCollectionOperations-Info.plist"; sourceTree = "<group>"; };
		5588EEE3175BDF8B00196831 /* en */ = {isa = PBXFileReference; lastKnownFileType = text.plist.strings; name = en; path = en.lproj/InfoPlist.strings; sourceTree = "<group>"; };
		5588EEE5175BDF8B00196831 /* ConcurrentCollectionOperations-Prefix.pch */ = {isa = PBXFileReference; lastKnownFileType = sourcecode.c.h; path = "ConcurrentCollectionOperations-Prefix.pch"; sourceTree = "<group>"; };
		5588EEE6175BDF8B00196831 /* ConcurrentCollectionOperations.h */ = {isa = PBXFileReference; lastKnownFileType = sourcecode.c.h; path = ConcurrentCollectionOperations.h; sourceTree = "<group>"; };
		5588EEEE175BDF8B00196831 /* ConcurrentCollectionOperationsTests.octest */ = {isa = PBXFileReference; explicitFileType = wrapper.cfbundle; includeInIndex = 0; path = ConcurrentCollectionOperationsTests.octest; sourceTree = BUILT_PRODUCTS_DIR; };
		5588EEEF175BDF8B00196831 /* SenTestingKit.framework */ = {isa = PBXFileReference; lastKnownFileType = wrapper.framework; name = SenTestingKit.framework; path = Library/Frameworks/SenTestingKit.framework; sourceTree = DEVELOPER_DIR; };
		5588EEF7175BDF8B00196831 /* ConcurrentCollectionOperationsTests-Info.plist */ = {isa = PBXFileReference; lastKnownFileType = text.plist.xml; path = "ConcurrentCollectionOperationsTests-Info.plist"; sourceTree = "<group>"; };
		5588EEF9175BDF8B00196831 /* en */ = {isa = PBXFileReference; lastKnownFileType = text.plist.strings; name = en; path = en.lproj/InfoPlist.strings; sourceTree = "<group>"; };
		5588EEFB175BDF8B00196831 /* ConcurrentCollectionOperationsTests.h */ = {isa = PBXFileReference; lastKnownFileType = sourcecode.c.h; path = ConcurrentCollectionOperationsTests.h; sourceTree = "<group>"; };
		5588EEFC175BDF8B00196831 /* ConcurrentCollectionOperationsTests.m */ = {isa = PBXFileReference; lastKnownFileType = sourcecode.c.objc; path = ConcurrentCollectionOperationsTests.m; sourceTree = "<group>"; };
		5588EF06175BE14500196831 /* NSArray+ConcurrentCollectionOperations.h */ = {isa = PBXFileReference; fileEncoding = 4; lastKnownFileType = sourcecode.c.h; path = "NSArray+ConcurrentCollectionOperations.h"; sourceTree = "<group>"; };
		5588EF07175BE14500196831 /* NSArray+ConcurrentCollectionOperations.m */ = {isa = PBXFileReference; fileEncoding = 4; lastKnownFileType = sourcecode.c.objc; path = "NSArray+ConcurrentCollectionOperations.m"; sourceTree = "<group>"; };
		5588EF10175BED7F00196831 /* NSDictionary+ConcurrentCollectionOperations.h */ = {isa = PBXFileReference; fileEncoding = 4; lastKnownFileType = sourcecode.c.h; path = "NSDictionary+ConcurrentCollectionOperations.h"; sourceTree = "<group>"; };
		5588EF11175BED7F00196831 /* NSDictionary+ConcurrentCollectionOperations.m */ = {isa = PBXFileReference; fileEncoding = 4; lastKnownFileType = sourcecode.c.objc; path = "NSDictionary+ConcurrentCollectionOperations.m"; sourceTree = "<group>"; };
		5588EF15175C3F6700196831 /* NSSet+ConcurrentCollectionOperations.h */ = {isa = PBXFileReference; fileEncoding = 4; lastKnownFileType = sourcecode.c.h; path = "NSSet+ConcurrentCollectionOperations.h"; sourceTree = "<group>"; };
		5588EF16175C3F6700196831 /* NSSet+ConcurrentCollectionOperations.m */ = {isa = PBXFileReference; fileEncoding = 4; lastKnownFileType = sourcecode.c.objc; path = "NSSet+ConcurrentCollectionOperations.m"; sourceTree = "<group>"; };
		5588EF1B175C493A00196831 /* BlockTypedefs.h */ = {isa = PBXFileReference; fileEncoding = 4; lastKnownFileType = sourcecode.c.h; path = BlockTypedefs.h; sourceTree = "<group>"; };
		5588EF1D175C4AB400196831 /* README.md */ = {isa = PBXFileReference; fileEncoding = 4; lastKnownFileType = text; path = README.md; sourceTree = "<group>"; };
		5588EF24175C4E4000196831 /* libConcurrentCollectionOperations-iOS.a */ = {isa = PBXFileReference; explicitFileType = archive.ar; includeInIndex = 0; path = "libConcurrentCollectionOperations-iOS.a"; sourceTree = BUILT_PRODUCTS_DIR; };
		5588EF25175C4E4000196831 /* Foundation.framework */ = {isa = PBXFileReference; lastKnownFileType = wrapper.framework; name = Foundation.framework; path = System/Library/Frameworks/Foundation.framework; sourceTree = SDKROOT; };
		5588EF29175C4E4000196831 /* ConcurrentCollectionOperations-iOS-Prefix.pch */ = {isa = PBXFileReference; lastKnownFileType = sourcecode.c.h; name = "ConcurrentCollectionOperations-iOS-Prefix.pch"; path = "ConcurrentCollectionOperations/ConcurrentCollectionOperations-iOS-Prefix.pch"; sourceTree = SOURCE_ROOT; };
		5588EF33175C4E4000196831 /* ConcurrentCollectionOperations-iOSTests.octest */ = {isa = PBXFileReference; explicitFileType = wrapper.cfbundle; includeInIndex = 0; path = "ConcurrentCollectionOperations-iOSTests.octest"; sourceTree = BUILT_PRODUCTS_DIR; };
		5588EF35175C4E4000196831 /* UIKit.framework */ = {isa = PBXFileReference; lastKnownFileType = wrapper.framework; name = UIKit.framework; path = Library/Frameworks/UIKit.framework; sourceTree = DEVELOPER_DIR; };
/* End PBXFileReference section */

/* Begin PBXFrameworksBuildPhase section */
		5588EED2175BDF8B00196831 /* Frameworks */ = {
			isa = PBXFrameworksBuildPhase;
			buildActionMask = 2147483647;
			files = (
				5588EEDA175BDF8B00196831 /* Cocoa.framework in Frameworks */,
			);
			runOnlyForDeploymentPostprocessing = 0;
		};
		5588EEEA175BDF8B00196831 /* Frameworks */ = {
			isa = PBXFrameworksBuildPhase;
			buildActionMask = 2147483647;
			files = (
				5588EEF0175BDF8B00196831 /* SenTestingKit.framework in Frameworks */,
				5588EEF1175BDF8B00196831 /* Cocoa.framework in Frameworks */,
				5588EEF4175BDF8B00196831 /* ConcurrentCollectionOperations.framework in Frameworks */,
			);
			runOnlyForDeploymentPostprocessing = 0;
		};
		5588EF21175C4E4000196831 /* Frameworks */ = {
			isa = PBXFrameworksBuildPhase;
			buildActionMask = 2147483647;
			files = (
				5588EF26175C4E4000196831 /* Foundation.framework in Frameworks */,
			);
			runOnlyForDeploymentPostprocessing = 0;
		};
		5588EF2F175C4E4000196831 /* Frameworks */ = {
			isa = PBXFrameworksBuildPhase;
			buildActionMask = 2147483647;
			files = (
				5588EF34175C4E4000196831 /* SenTestingKit.framework in Frameworks */,
				5588EF36175C4E4000196831 /* UIKit.framework in Frameworks */,
				5588EF37175C4E4000196831 /* Foundation.framework in Frameworks */,
				5588EF3A175C4E4000196831 /* libConcurrentCollectionOperations-iOS.a in Frameworks */,
			);
			runOnlyForDeploymentPostprocessing = 0;
		};
/* End PBXFrameworksBuildPhase section */

/* Begin PBXGroup section */
		5588EECC175BDF8B00196831 = {
			isa = PBXGroup;
			children = (
				5588EF1D175C4AB400196831 /* README.md */,
				5545FD65175EA22800AC003B /* ConcurrentCollectionOperations.podspec */,
				5545FD63175E9F9000AC003B /* LICENSE.txt */,
				5588EEDF175BDF8B00196831 /* ConcurrentCollectionOperations */,
				5588EEF5175BDF8B00196831 /* ConcurrentCollectionOperationsTests */,
				5588EED8175BDF8B00196831 /* Frameworks */,
				5588EED7175BDF8B00196831 /* Products */,
			);
			sourceTree = "<group>";
		};
		5588EED7175BDF8B00196831 /* Products */ = {
			isa = PBXGroup;
			children = (
				5588EED6175BDF8B00196831 /* ConcurrentCollectionOperations.framework */,
				5588EEEE175BDF8B00196831 /* ConcurrentCollectionOperationsTests.octest */,
				5588EF24175C4E4000196831 /* libConcurrentCollectionOperations-iOS.a */,
				5588EF33175C4E4000196831 /* ConcurrentCollectionOperations-iOSTests.octest */,
			);
			name = Products;
			sourceTree = "<group>";
		};
		5588EED8175BDF8B00196831 /* Frameworks */ = {
			isa = PBXGroup;
			children = (
				5588EED9175BDF8B00196831 /* Cocoa.framework */,
				5588EEEF175BDF8B00196831 /* SenTestingKit.framework */,
				5588EF25175C4E4000196831 /* Foundation.framework */,
				5588EF35175C4E4000196831 /* UIKit.framework */,
				5588EEDB175BDF8B00196831 /* Other Frameworks */,
			);
			name = Frameworks;
			sourceTree = "<group>";
		};
		5588EEDB175BDF8B00196831 /* Other Frameworks */ = {
			isa = PBXGroup;
			children = (
				5588EEDC175BDF8B00196831 /* AppKit.framework */,
				5588EEDD175BDF8B00196831 /* CoreData.framework */,
				5588EEDE175BDF8B00196831 /* Foundation.framework */,
			);
			name = "Other Frameworks";
			sourceTree = "<group>";
		};
		5588EEDF175BDF8B00196831 /* ConcurrentCollectionOperations */ = {
			isa = PBXGroup;
			children = (
				5588EEE6175BDF8B00196831 /* ConcurrentCollectionOperations.h */,
				5588EF1B175C493A00196831 /* BlockTypedefs.h */,
				5588EF06175BE14500196831 /* NSArray+ConcurrentCollectionOperations.h */,
				5588EF07175BE14500196831 /* NSArray+ConcurrentCollectionOperations.m */,
				5588EF10175BED7F00196831 /* NSDictionary+ConcurrentCollectionOperations.h */,
				5588EF11175BED7F00196831 /* NSDictionary+ConcurrentCollectionOperations.m */,
				5588EF15175C3F6700196831 /* NSSet+ConcurrentCollectionOperations.h */,
				5588EF16175C3F6700196831 /* NSSet+ConcurrentCollectionOperations.m */,
				5588EEE0175BDF8B00196831 /* Supporting Files */,
			);
			path = ConcurrentCollectionOperations;
			sourceTree = "<group>";
		};
		5588EEE0175BDF8B00196831 /* Supporting Files */ = {
			isa = PBXGroup;
			children = (
				5588EEE1175BDF8B00196831 /* ConcurrentCollectionOperations-Info.plist */,
				5588EEE2175BDF8B00196831 /* InfoPlist.strings */,
				5588EEE5175BDF8B00196831 /* ConcurrentCollectionOperations-Prefix.pch */,
				5588EF29175C4E4000196831 /* ConcurrentCollectionOperations-iOS-Prefix.pch */,
			);
			name = "Supporting Files";
			sourceTree = "<group>";
		};
		5588EEF5175BDF8B00196831 /* ConcurrentCollectionOperationsTests */ = {
			isa = PBXGroup;
			children = (
				5588EEFB175BDF8B00196831 /* ConcurrentCollectionOperationsTests.h */,
				5588EEFC175BDF8B00196831 /* ConcurrentCollectionOperationsTests.m */,
				5588EEF6175BDF8B00196831 /* Supporting Files */,
			);
			path = ConcurrentCollectionOperationsTests;
			sourceTree = "<group>";
		};
		5588EEF6175BDF8B00196831 /* Supporting Files */ = {
			isa = PBXGroup;
			children = (
				5588EEF7175BDF8B00196831 /* ConcurrentCollectionOperationsTests-Info.plist */,
				5588EEF8175BDF8B00196831 /* InfoPlist.strings */,
			);
			name = "Supporting Files";
			sourceTree = "<group>";
		};
/* End PBXGroup section */

/* Begin PBXHeadersBuildPhase section */
		5588EED3175BDF8B00196831 /* Headers */ = {
			isa = PBXHeadersBuildPhase;
			buildActionMask = 2147483647;
			files = (
				5588EF08175BE14500196831 /* NSArray+ConcurrentCollectionOperations.h in Headers */,
				5588EF12175BED7F00196831 /* NSDictionary+ConcurrentCollectionOperations.h in Headers */,
				5588EF17175C3F6700196831 /* NSSet+ConcurrentCollectionOperations.h in Headers */,
				5588EF1A175C48E700196831 /* ConcurrentCollectionOperations.h in Headers */,
				5588EF1C175C493B00196831 /* BlockTypedefs.h in Headers */,
			);
			runOnlyForDeploymentPostprocessing = 0;
		};
/* End PBXHeadersBuildPhase section */

/* Begin PBXNativeTarget section */
		5588EED5175BDF8B00196831 /* ConcurrentCollectionOperations */ = {
			isa = PBXNativeTarget;
			buildConfigurationList = 5588EF00175BDF8B00196831 /* Build configuration list for PBXNativeTarget "ConcurrentCollectionOperations" */;
			buildPhases = (
				5588EED1175BDF8B00196831 /* Sources */,
				5588EED2175BDF8B00196831 /* Frameworks */,
				5588EED3175BDF8B00196831 /* Headers */,
				5588EED4175BDF8B00196831 /* Resources */,
			);
			buildRules = (
			);
			dependencies = (
			);
			name = ConcurrentCollectionOperations;
			productName = ConcurrentCollectionOperations;
			productReference = 5588EED6175BDF8B00196831 /* ConcurrentCollectionOperations.framework */;
			productType = "com.apple.product-type.framework";
		};
		5588EEED175BDF8B00196831 /* ConcurrentCollectionOperationsTests */ = {
			isa = PBXNativeTarget;
			buildConfigurationList = 5588EF03175BDF8B00196831 /* Build configuration list for PBXNativeTarget "ConcurrentCollectionOperationsTests" */;
			buildPhases = (
				5588EEE9175BDF8B00196831 /* Sources */,
				5588EEEA175BDF8B00196831 /* Frameworks */,
				5588EEEB175BDF8B00196831 /* Resources */,
				5588EEEC175BDF8B00196831 /* ShellScript */,
			);
			buildRules = (
			);
			dependencies = (
				5588EEF3175BDF8B00196831 /* PBXTargetDependency */,
			);
			name = ConcurrentCollectionOperationsTests;
			productName = ConcurrentCollectionOperationsTests;
			productReference = 5588EEEE175BDF8B00196831 /* ConcurrentCollectionOperationsTests.octest */;
			productType = "com.apple.product-type.bundle";
		};
		5588EF23175C4E4000196831 /* ConcurrentCollectionOperations-iOS */ = {
			isa = PBXNativeTarget;
			buildConfigurationList = 5588EF44175C4E4000196831 /* Build configuration list for PBXNativeTarget "ConcurrentCollectionOperations-iOS" */;
			buildPhases = (
				5588EF20175C4E4000196831 /* Sources */,
				5588EF21175C4E4000196831 /* Frameworks */,
				5588EF22175C4E4000196831 /* CopyFiles */,
			);
			buildRules = (
			);
			dependencies = (
			);
			name = "ConcurrentCollectionOperations-iOS";
			productName = "ConcurrentCollectionOperations-iOS";
			productReference = 5588EF24175C4E4000196831 /* libConcurrentCollectionOperations-iOS.a */;
			productType = "com.apple.product-type.library.static";
		};
		5588EF32175C4E4000196831 /* ConcurrentCollectionOperations-iOSTests */ = {
			isa = PBXNativeTarget;
			buildConfigurationList = 5588EF47175C4E4000196831 /* Build configuration list for PBXNativeTarget "ConcurrentCollectionOperations-iOSTests" */;
			buildPhases = (
				5588EF2E175C4E4000196831 /* Sources */,
				5588EF2F175C4E4000196831 /* Frameworks */,
				5588EF30175C4E4000196831 /* Resources */,
				5588EF31175C4E4000196831 /* ShellScript */,
			);
			buildRules = (
			);
			dependencies = (
				5588EF39175C4E4000196831 /* PBXTargetDependency */,
			);
			name = "ConcurrentCollectionOperations-iOSTests";
			productName = "ConcurrentCollectionOperations-iOSTests";
			productReference = 5588EF33175C4E4000196831 /* ConcurrentCollectionOperations-iOSTests.octest */;
			productType = "com.apple.product-type.bundle";
		};
/* End PBXNativeTarget section */

/* Begin PBXProject section */
		5588EECD175BDF8B00196831 /* Project object */ = {
			isa = PBXProject;
			attributes = {
				LastUpgradeCheck = 0460;
				ORGANIZATIONNAME = "";
			};
			buildConfigurationList = 5588EED0175BDF8B00196831 /* Build configuration list for PBXProject "ConcurrentCollectionOperations" */;
			compatibilityVersion = "Xcode 3.2";
			developmentRegion = English;
			hasScannedForEncodings = 0;
			knownRegions = (
				en,
			);
			mainGroup = 5588EECC175BDF8B00196831;
			productRefGroup = 5588EED7175BDF8B00196831 /* Products */;
			projectDirPath = "";
			projectRoot = "";
			targets = (
				5588EED5175BDF8B00196831 /* ConcurrentCollectionOperations */,
				5588EEED175BDF8B00196831 /* ConcurrentCollectionOperationsTests */,
				5588EF23175C4E4000196831 /* ConcurrentCollectionOperations-iOS */,
				5588EF32175C4E4000196831 /* ConcurrentCollectionOperations-iOSTests */,
			);
		};
/* End PBXProject section */

/* Begin PBXResourcesBuildPhase section */
		5588EED4175BDF8B00196831 /* Resources */ = {
			isa = PBXResourcesBuildPhase;
			buildActionMask = 2147483647;
			files = (
				5588EEE4175BDF8B00196831 /* InfoPlist.strings in Resources */,
				5545FD64175E9F9000AC003B /* LICENSE.txt in Resources */,
			);
			runOnlyForDeploymentPostprocessing = 0;
		};
		5588EEEB175BDF8B00196831 /* Resources */ = {
			isa = PBXResourcesBuildPhase;
			buildActionMask = 2147483647;
			files = (
				5588EEFA175BDF8B00196831 /* InfoPlist.strings in Resources */,
			);
			runOnlyForDeploymentPostprocessing = 0;
		};
		5588EF30175C4E4000196831 /* Resources */ = {
			isa = PBXResourcesBuildPhase;
			buildActionMask = 2147483647;
			files = (
			);
			runOnlyForDeploymentPostprocessing = 0;
		};
/* End PBXResourcesBuildPhase section */

/* Begin PBXShellScriptBuildPhase section */
		5588EEEC175BDF8B00196831 /* ShellScript */ = {
			isa = PBXShellScriptBuildPhase;
			buildActionMask = 2147483647;
			files = (
			);
			inputPaths = (
			);
			outputPaths = (
			);
			runOnlyForDeploymentPostprocessing = 0;
			shellPath = /bin/sh;
			shellScript = "# Run the unit tests in this test bundle.\n\"${SYSTEM_DEVELOPER_DIR}/Tools/RunUnitTests\"\n";
		};
		5588EF31175C4E4000196831 /* ShellScript */ = {
			isa = PBXShellScriptBuildPhase;
			buildActionMask = 2147483647;
			files = (
			);
			inputPaths = (
			);
			outputPaths = (
			);
			runOnlyForDeploymentPostprocessing = 0;
			shellPath = /bin/sh;
			shellScript = "# Run the unit tests in this test bundle.\n\"${SYSTEM_DEVELOPER_DIR}/Tools/RunUnitTests\"\n";
		};
/* End PBXShellScriptBuildPhase section */

/* Begin PBXSourcesBuildPhase section */
		5588EED1175BDF8B00196831 /* Sources */ = {
			isa = PBXSourcesBuildPhase;
			buildActionMask = 2147483647;
			files = (
				5588EF09175BE14500196831 /* NSArray+ConcurrentCollectionOperations.m in Sources */,
				5588EF13175BED7F00196831 /* NSDictionary+ConcurrentCollectionOperations.m in Sources */,
				5588EF18175C3F6700196831 /* NSSet+ConcurrentCollectionOperations.m in Sources */,
			);
			runOnlyForDeploymentPostprocessing = 0;
		};
		5588EEE9175BDF8B00196831 /* Sources */ = {
			isa = PBXSourcesBuildPhase;
			buildActionMask = 2147483647;
			files = (
				5588EEFD175BDF8B00196831 /* ConcurrentCollectionOperationsTests.m in Sources */,
				5588EF0A175BE14500196831 /* NSArray+ConcurrentCollectionOperations.m in Sources */,
				5588EF14175BED7F00196831 /* NSDictionary+ConcurrentCollectionOperations.m in Sources */,
				5588EF19175C3F6700196831 /* NSSet+ConcurrentCollectionOperations.m in Sources */,
			);
			runOnlyForDeploymentPostprocessing = 0;
		};
		5588EF20175C4E4000196831 /* Sources */ = {
			isa = PBXSourcesBuildPhase;
			buildActionMask = 2147483647;
			files = (
				5588EF4A175C4EE900196831 /* NSArray+ConcurrentCollectionOperations.m in Sources */,
				5588EF4C175C4EED00196831 /* NSDictionary+ConcurrentCollectionOperations.m in Sources */,
				5588EF4E175C4EF100196831 /* NSSet+ConcurrentCollectionOperations.m in Sources */,
			);
			runOnlyForDeploymentPostprocessing = 0;
		};
		5588EF2E175C4E4000196831 /* Sources */ = {
			isa = PBXSourcesBuildPhase;
			buildActionMask = 2147483647;
			files = (
				5588EF4B175C4EEA00196831 /* NSArray+ConcurrentCollectionOperations.m in Sources */,
				5588EF4D175C4EEE00196831 /* NSDictionary+ConcurrentCollectionOperations.m in Sources */,
				5588EF4F175C4EF200196831 /* NSSet+ConcurrentCollectionOperations.m in Sources */,
				5588EF50175C4EF600196831 /* ConcurrentCollectionOperationsTests.m in Sources */,
			);
			runOnlyForDeploymentPostprocessing = 0;
		};
/* End PBXSourcesBuildPhase section */

/* Begin PBXTargetDependency section */
		5588EEF3175BDF8B00196831 /* PBXTargetDependency */ = {
			isa = PBXTargetDependency;
			target = 5588EED5175BDF8B00196831 /* ConcurrentCollectionOperations */;
			targetProxy = 5588EEF2175BDF8B00196831 /* PBXContainerItemProxy */;
		};
		5588EF39175C4E4000196831 /* PBXTargetDependency */ = {
			isa = PBXTargetDependency;
			target = 5588EF23175C4E4000196831 /* ConcurrentCollectionOperations-iOS */;
			targetProxy = 5588EF38175C4E4000196831 /* PBXContainerItemProxy */;
		};
/* End PBXTargetDependency section */

/* Begin PBXVariantGroup section */
		5588EEE2175BDF8B00196831 /* InfoPlist.strings */ = {
			isa = PBXVariantGroup;
			children = (
				5588EEE3175BDF8B00196831 /* en */,
			);
			name = InfoPlist.strings;
			sourceTree = "<group>";
		};
		5588EEF8175BDF8B00196831 /* InfoPlist.strings */ = {
			isa = PBXVariantGroup;
			children = (
				5588EEF9175BDF8B00196831 /* en */,
			);
			name = InfoPlist.strings;
			sourceTree = "<group>";
		};
/* End PBXVariantGroup section */

/* Begin XCBuildConfiguration section */
		5588EEFE175BDF8B00196831 /* Debug */ = {
			isa = XCBuildConfiguration;
			buildSettings = {
				ALWAYS_SEARCH_USER_PATHS = NO;
				ARCHS = "$(ARCHS_STANDARD_64_BIT)";
				CLANG_CXX_LANGUAGE_STANDARD = "gnu++0x";
				CLANG_CXX_LIBRARY = "libc++";
				CLANG_ENABLE_OBJC_ARC = YES;
				CLANG_WARN_CONSTANT_CONVERSION = YES;
				CLANG_WARN_EMPTY_BODY = YES;
				CLANG_WARN_ENUM_CONVERSION = YES;
				CLANG_WARN_INT_CONVERSION = YES;
				CLANG_WARN__DUPLICATE_METHOD_MATCH = YES;
				COPY_PHASE_STRIP = NO;
				GCC_C_LANGUAGE_STANDARD = gnu99;
				GCC_DYNAMIC_NO_PIC = NO;
				GCC_ENABLE_OBJC_EXCEPTIONS = YES;
				GCC_OPTIMIZATION_LEVEL = 0;
				GCC_PREPROCESSOR_DEFINITIONS = (
					"DEBUG=1",
					"$(inherited)",
				);
				GCC_SYMBOLS_PRIVATE_EXTERN = NO;
				GCC_WARN_64_TO_32_BIT_CONVERSION = YES;
				GCC_WARN_ABOUT_RETURN_TYPE = YES;
				GCC_WARN_UNINITIALIZED_AUTOS = YES;
				GCC_WARN_UNUSED_VARIABLE = YES;
				IPHONEOS_DEPLOYMENT_TARGET = 5.0;
				MACOSX_DEPLOYMENT_TARGET = 10.7;
				ONLY_ACTIVE_ARCH = YES;
				SDKROOT = macosx;
			};
			name = Debug;
		};
		5588EEFF175BDF8B00196831 /* Release */ = {
			isa = XCBuildConfiguration;
			buildSettings = {
				ALWAYS_SEARCH_USER_PATHS = NO;
				ARCHS = "$(ARCHS_STANDARD_64_BIT)";
				CLANG_CXX_LANGUAGE_STANDARD = "gnu++0x";
				CLANG_CXX_LIBRARY = "libc++";
				CLANG_ENABLE_OBJC_ARC = YES;
				CLANG_WARN_CONSTANT_CONVERSION = YES;
				CLANG_WARN_EMPTY_BODY = YES;
				CLANG_WARN_ENUM_CONVERSION = YES;
				CLANG_WARN_INT_CONVERSION = YES;
				CLANG_WARN__DUPLICATE_METHOD_MATCH = YES;
				COPY_PHASE_STRIP = YES;
				DEBUG_INFORMATION_FORMAT = "dwarf-with-dsym";
				GCC_C_LANGUAGE_STANDARD = gnu99;
				GCC_ENABLE_OBJC_EXCEPTIONS = YES;
				GCC_WARN_64_TO_32_BIT_CONVERSION = YES;
				GCC_WARN_ABOUT_RETURN_TYPE = YES;
				GCC_WARN_UNINITIALIZED_AUTOS = YES;
				GCC_WARN_UNUSED_VARIABLE = YES;
				IPHONEOS_DEPLOYMENT_TARGET = 5.0;
				MACOSX_DEPLOYMENT_TARGET = 10.7;
				SDKROOT = macosx;
			};
			name = Release;
		};
		5588EF01175BDF8B00196831 /* Debug */ = {
			isa = XCBuildConfiguration;
			buildSettings = {
				COMBINE_HIDPI_IMAGES = YES;
				DYLIB_COMPATIBILITY_VERSION = 1;
				DYLIB_CURRENT_VERSION = 1;
				FRAMEWORK_VERSION = A;
				GCC_PRECOMPILE_PREFIX_HEADER = YES;
				GCC_PREFIX_HEADER = "ConcurrentCollectionOperations/ConcurrentCollectionOperations-Prefix.pch";
				INFOPLIST_FILE = "ConcurrentCollectionOperations/ConcurrentCollectionOperations-Info.plist";
				PRODUCT_NAME = "$(TARGET_NAME)";
				WRAPPER_EXTENSION = framework;
			};
			name = Debug;
		};
		5588EF02175BDF8B00196831 /* Release */ = {
			isa = XCBuildConfiguration;
			buildSettings = {
				COMBINE_HIDPI_IMAGES = YES;
				DYLIB_COMPATIBILITY_VERSION = 1;
				DYLIB_CURRENT_VERSION = 1;
				FRAMEWORK_VERSION = A;
				GCC_PRECOMPILE_PREFIX_HEADER = YES;
				GCC_PREFIX_HEADER = "ConcurrentCollectionOperations/ConcurrentCollectionOperations-Prefix.pch";
				INFOPLIST_FILE = "ConcurrentCollectionOperations/ConcurrentCollectionOperations-Info.plist";
				PRODUCT_NAME = "$(TARGET_NAME)";
				WRAPPER_EXTENSION = framework;
			};
			name = Release;
		};
		5588EF04175BDF8B00196831 /* Debug */ = {
			isa = XCBuildConfiguration;
			buildSettings = {
				COMBINE_HIDPI_IMAGES = YES;
				FRAMEWORK_SEARCH_PATHS = "\"$(DEVELOPER_LIBRARY_DIR)/Frameworks\"";
				GCC_PRECOMPILE_PREFIX_HEADER = YES;
				GCC_PREFIX_HEADER = "ConcurrentCollectionOperations/ConcurrentCollectionOperations-Prefix.pch";
				INFOPLIST_FILE = "ConcurrentCollectionOperationsTests/ConcurrentCollectionOperationsTests-Info.plist";
				PRODUCT_NAME = "$(TARGET_NAME)";
				WRAPPER_EXTENSION = octest;
			};
			name = Debug;
		};
		5588EF05175BDF8B00196831 /* Release */ = {
			isa = XCBuildConfiguration;
			buildSettings = {
				COMBINE_HIDPI_IMAGES = YES;
				FRAMEWORK_SEARCH_PATHS = "\"$(DEVELOPER_LIBRARY_DIR)/Frameworks\"";
				GCC_PRECOMPILE_PREFIX_HEADER = YES;
				GCC_PREFIX_HEADER = "ConcurrentCollectionOperations/ConcurrentCollectionOperations-Prefix.pch";
				INFOPLIST_FILE = "ConcurrentCollectionOperationsTests/ConcurrentCollectionOperationsTests-Info.plist";
				PRODUCT_NAME = "$(TARGET_NAME)";
				WRAPPER_EXTENSION = octest;
			};
			name = Release;
		};
		5588EF45175C4E4000196831 /* Debug */ = {
			isa = XCBuildConfiguration;
			buildSettings = {
				DSTROOT = /tmp/ConcurrentCollectionOperations_iOS.dst;
				GCC_PRECOMPILE_PREFIX_HEADER = YES;
				GCC_PREFIX_HEADER = "ConcurrentCollectionOperations/ConcurrentCollectionOperations-iOS-Prefix.pch";
				IPHONEOS_DEPLOYMENT_TARGET = 6.1;
				OTHER_LDFLAGS = "-ObjC";
				PRODUCT_NAME = "$(TARGET_NAME)";
				SDKROOT = iphoneos;
				SKIP_INSTALL = YES;
			};
			name = Debug;
		};
		5588EF46175C4E4000196831 /* Release */ = {
			isa = XCBuildConfiguration;
			buildSettings = {
				DSTROOT = /tmp/ConcurrentCollectionOperations_iOS.dst;
				GCC_PRECOMPILE_PREFIX_HEADER = YES;
				GCC_PREFIX_HEADER = "ConcurrentCollectionOperations/ConcurrentCollectionOperations-iOS-Prefix.pch";
				IPHONEOS_DEPLOYMENT_TARGET = 6.1;
				OTHER_LDFLAGS = "-ObjC";
				PRODUCT_NAME = "$(TARGET_NAME)";
				SDKROOT = iphoneos;
				SKIP_INSTALL = YES;
				VALIDATE_PRODUCT = YES;
			};
			name = Release;
		};
		5588EF48175C4E4000196831 /* Debug */ = {
			isa = XCBuildConfiguration;
			buildSettings = {
				FRAMEWORK_SEARCH_PATHS = (
					"\"$(SDKROOT)/Developer/Library/Frameworks\"",
					"\"$(DEVELOPER_LIBRARY_DIR)/Frameworks\"",
				);
				GCC_PRECOMPILE_PREFIX_HEADER = YES;
				GCC_PREFIX_HEADER = "ConcurrentCollectionOperations/ConcurrentCollectionOperations-iOS-Prefix.pch";
				INFOPLIST_FILE = "ConcurrentCollectionOperations/ConcurrentCollectionOperations-Info.plist";
				IPHONEOS_DEPLOYMENT_TARGET = 6.1;
				PRODUCT_NAME = "$(TARGET_NAME)";
				SDKROOT = iphoneos;
				WRAPPER_EXTENSION = octest;
			};
			name = Debug;
		};
		5588EF49175C4E4000196831 /* Release */ = {
			isa = XCBuildConfiguration;
			buildSettings = {
				FRAMEWORK_SEARCH_PATHS = (
					"\"$(SDKROOT)/Developer/Library/Frameworks\"",
					"\"$(DEVELOPER_LIBRARY_DIR)/Frameworks\"",
				);
				GCC_PRECOMPILE_PREFIX_HEADER = YES;
				GCC_PREFIX_HEADER = "ConcurrentCollectionOperations/ConcurrentCollectionOperations-iOS-Prefix.pch";
				INFOPLIST_FILE = "ConcurrentCollectionOperations/ConcurrentCollectionOperations-Info.plist";
				IPHONEOS_DEPLOYMENT_TARGET = 6.1;
				PRODUCT_NAME = "$(TARGET_NAME)";
				SDKROOT = iphoneos;
				VALIDATE_PRODUCT = YES;
				WRAPPER_EXTENSION = octest;
			};
			name = Release;
		};
/* End XCBuildConfiguration section */

/* Begin XCConfigurationList section */
		5588EED0175BDF8B00196831 /* Build configuration list for PBXProject "ConcurrentCollectionOperations" */ = {
			isa = XCConfigurationList;
			buildConfigurations = (
				5588EEFE175BDF8B00196831 /* Debug */,
				5588EEFF175BDF8B00196831 /* Release */,
			);
			defaultConfigurationIsVisible = 0;
			defaultConfigurationName = Release;
		};
		5588EF00175BDF8B00196831 /* Build configuration list for PBXNativeTarget "ConcurrentCollectionOperations" */ = {
			isa = XCConfigurationList;
			buildConfigurations = (
				5588EF01175BDF8B00196831 /* Debug */,
				5588EF02175BDF8B00196831 /* Release */,
			);
			defaultConfigurationIsVisible = 0;
			defaultConfigurationName = Release;
		};
		5588EF03175BDF8B00196831 /* Build configuration list for PBXNativeTarget "ConcurrentCollectionOperationsTests" */ = {
			isa = XCConfigurationList;
			buildConfigurations = (
				5588EF04175BDF8B00196831 /* Debug */,
				5588EF05175BDF8B00196831 /* Release */,
			);
			defaultConfigurationIsVisible = 0;
			defaultConfigurationName = Release;
		};
		5588EF44175C4E4000196831 /* Build configuration list for PBXNativeTarget "ConcurrentCollectionOperations-iOS" */ = {
			isa = XCConfigurationList;
			buildConfigurations = (
				5588EF45175C4E4000196831 /* Debug */,
				5588EF46175C4E4000196831 /* Release */,
			);
			defaultConfigurationIsVisible = 0;
			defaultConfigurationName = Release;
		};
		5588EF47175C4E4000196831 /* Build configuration list for PBXNativeTarget "ConcurrentCollectionOperations-iOSTests" */ = {
			isa = XCConfigurationList;
			buildConfigurations = (
				5588EF48175C4E4000196831 /* Debug */,
				5588EF49175C4E4000196831 /* Release */,
			);
			defaultConfigurationIsVisible = 0;
			defaultConfigurationName = Release;
		};
/* End XCConfigurationList section */
	};
	rootObject = 5588EECD175BDF8B00196831 /* Project object */;
}
